
Microsoft Visual Studio Solution File, Format Version 12.00
# Visual Studio Version 17
VisualStudioVersion = 17.3.32901.215
MinimumVisualStudioVersion = 10.0.40219.1
Project("{FAE04EC0-301F-11D3-BF4B-00C04F79EFBC}") = "Tarea4Progra2", "Tarea4Progra2\Tarea4Progra2.csproj", "{870992B2-0C78-40BE-9626-941BD1224C0D}"
EndProject
Global
	GlobalSection(SolutionConfigurationPlatforms) = preSolution
		Debug|Any CPU = Debug|Any CPU
		Release|Any CPU = Release|Any CPU
	EndGlobalSection
	GlobalSection(ProjectConfigurationPlatforms) = postSolution
		{870992B2-0C78-40BE-9626-941BD1224C0D}.Debug|Any CPU.ActiveCfg = Debug|Any CPU
		{870992B2-0C78-40BE-9626-941BD1224C0D}.Debug|Any CPU.Build.0 = Debug|Any CPU
		{870992B2-0C78-40BE-9626-941BD1224C0D}.Release|Any CPU.ActiveCfg = Release|Any CPU
		{870992B2-0C78-40BE-9626-941BD1224C0D}.Release|Any CPU.Build.0 = Release|Any CPU
	EndGlobalSection
	GlobalSection(SolutionProperties) = preSolution
		HideSolutionNode = FALSE
	EndGlobalSection
	GlobalSection(ExtensibilityGlobals) = postSolution
		SolutionGuid = {7A99105F-A019-42D7-ABD5-8E9FB1061302}
	EndGlobalSection
EndGlobal
